
Microsoft Visual Studio Solution File, Format Version 12.00
# Visual Studio Version 17
VisualStudioVersion = 17.5.33516.290
MinimumVisualStudioVersion = 10.0.40219.1
Project("{FAE04EC0-301F-11D3-BF4B-00C04F79EFBC}") = "CommandService", "CommandService\CommandService.csproj", "{346BCF8E-85E5-41A8-A26B-A2AF65352338}"
EndProject
Global
	GlobalSection(SolutionConfigurationPlatforms) = preSolution
		Debug|Any CPU = Debug|Any CPU
		Release|Any CPU = Release|Any CPU
	EndGlobalSection
	GlobalSection(ProjectConfigurationPlatforms) = postSolution
		{346BCF8E-85E5-41A8-A26B-A2AF65352338}.Debug|Any CPU.ActiveCfg = Debug|Any CPU
		{346BCF8E-85E5-41A8-A26B-A2AF65352338}.Debug|Any CPU.Build.0 = Debug|Any CPU
		{346BCF8E-85E5-41A8-A26B-A2AF65352338}.Release|Any CPU.ActiveCfg = Release|Any CPU
		{346BCF8E-85E5-41A8-A26B-A2AF65352338}.Release|Any CPU.Build.0 = Release|Any CPU
	EndGlobalSection
	GlobalSection(SolutionProperties) = preSolution
		HideSolutionNode = FALSE
	EndGlobalSection
	GlobalSection(ExtensibilityGlobals) = postSolution
		SolutionGuid = {90AD15C7-F100-41D1-AB0D-570473041468}
	EndGlobalSection
EndGlobal
